
Microsoft Visual Studio Solution File, Format Version 12.00
# Visual Studio Version 16
VisualStudioVersion = 16.0.31624.102
MinimumVisualStudioVersion = 10.0.40219.1
Project("{FAE04EC0-301F-11D3-BF4B-00C04F79EFBC}") = "Prosoft.ScaleReader", "Prosoft.ScaleReader\Prosoft.ScaleReader.csproj", "{335DCA3C-8797-4D3B-8593-6801546D16CE}"
EndProject
Project("{FAE04EC0-301F-11D3-BF4B-00C04F79EFBC}") = "Prosoft.ScaleReader.Demo", "Prosoft.ScaleReader.Demo\Prosoft.ScaleReader.Demo.csproj", "{72A6C78D-FDD7-413E-AD74-4611ABE97692}"
EndProject
Global
	GlobalSection(SolutionConfigurationPlatforms) = preSolution
		Debug|Any CPU = Debug|Any CPU
		Release|Any CPU = Release|Any CPU
	EndGlobalSection
	GlobalSection(ProjectConfigurationPlatforms) = postSolution
		{335DCA3C-8797-4D3B-8593-6801546D16CE}.Debug|Any CPU.ActiveCfg = Debug|Any CPU
		{335DCA3C-8797-4D3B-8593-6801546D16CE}.Debug|Any CPU.Build.0 = Debug|Any CPU
		{335DCA3C-8797-4D3B-8593-6801546D16CE}.Release|Any CPU.ActiveCfg = Release|Any CPU
		{335DCA3C-8797-4D3B-8593-6801546D16CE}.Release|Any CPU.Build.0 = Release|Any CPU
		{72A6C78D-FDD7-413E-AD74-4611ABE97692}.Debug|Any CPU.ActiveCfg = Debug|Any CPU
		{72A6C78D-FDD7-413E-AD74-4611ABE97692}.Debug|Any CPU.Build.0 = Debug|Any CPU
		{72A6C78D-FDD7-413E-AD74-4611ABE97692}.Release|Any CPU.ActiveCfg = Release|Any CPU
		{72A6C78D-FDD7-413E-AD74-4611ABE97692}.Release|Any CPU.Build.0 = Release|Any CPU
	EndGlobalSection
	GlobalSection(SolutionProperties) = preSolution
		HideSolutionNode = FALSE
	EndGlobalSection
	GlobalSection(ExtensibilityGlobals) = postSolution
		SolutionGuid = {07ECAD9B-66CB-4A24-84CB-2EC71C759D77}
	EndGlobalSection
EndGlobal
